
Microsoft Visual Studio Solution File, Format Version 12.00
# Visual Studio Version 16
VisualStudioVersion = 16.0.31025.194
MinimumVisualStudioVersion = 10.0.40219.1
Project("{FAE04EC0-301F-11D3-BF4B-00C04F79EFBC}") = "NotNetflix", "NotNetflix\NotNetflix.csproj", "{B6A05D53-8B36-460F-9C4D-F4E75C9ED4E8}"
EndProject
Global
	GlobalSection(SolutionConfigurationPlatforms) = preSolution
		Debug|Any CPU = Debug|Any CPU
		Release|Any CPU = Release|Any CPU
	EndGlobalSection
	GlobalSection(ProjectConfigurationPlatforms) = postSolution
		{B6A05D53-8B36-460F-9C4D-F4E75C9ED4E8}.Debug|Any CPU.ActiveCfg = Debug|Any CPU
		{B6A05D53-8B36-460F-9C4D-F4E75C9ED4E8}.Debug|Any CPU.Build.0 = Debug|Any CPU
		{B6A05D53-8B36-460F-9C4D-F4E75C9ED4E8}.Release|Any CPU.ActiveCfg = Release|Any CPU
		{B6A05D53-8B36-460F-9C4D-F4E75C9ED4E8}.Release|Any CPU.Build.0 = Release|Any CPU
	EndGlobalSection
	GlobalSection(SolutionProperties) = preSolution
		HideSolutionNode = FALSE
	EndGlobalSection
	GlobalSection(ExtensibilityGlobals) = postSolution
		SolutionGuid = {63C8937D-F7C5-4E55-B245-72396E572CB3}
	EndGlobalSection
EndGlobal
